{
  "version": 1,
  "dependencies": {
    "net10.0": {
      "Microsoft.VisualStudio.Validation": {
        "type": "Direct",
        "requested": "[17.8.8, )",
        "resolved": "17.8.8",
        "contentHash": "rWXThIpyQd4YIXghNkiv2+VLvzS+MCMKVRDR0GAMlflsdo+YcAN2g2r5U1Ah98OFjQMRexTFtXQQ2LkajxZi3g=="
      },
      "Nerdbank.GitVersioning": {
        "type": "Direct",
        "requested": "[3.11.13-beta, )",
        "resolved": "3.11.13-beta",
        "contentHash": "eQjDhod5E9dpL/UJ65c53VO2Cp1bXMzNRmrVwWt7ryAHltxotThkBDp8VdLjkJtMBnRrc6237vxKAbSpUcChMg=="
      }
    }
  }
}