{
  "version": 1,
  "dependencies": {
    "net10.0": {
      "Microsoft.SourceLink.GitHub": {
        "type": "Direct",
        "requested": "[8.0.0, )",
        "resolved": "8.0.0",
        "contentHash": "G5q7OqtwIyGTkeIOAc3u2ZuV/kicQaec5EaRnc0pIeSnh9LUjj+PYQrJYBURvDt7twGl2PKA7nSN0kz1Zw5bnQ==",
        "dependencies": {
          "Microsoft.Build.Tasks.Git": "8.0.0",
          "Microsoft.SourceLink.Common": "8.0.0"
        }
      },
      "Microsoft.VisualStudio.Validation": {
        "type": "Direct",
        "requested": "[17.8.8, )",
        "resolved": "17.8.8",
        "contentHash": "rWXThIpyQd4YIXghNkiv2+VLvzS+MCMKVRDR0GAMlflsdo+YcAN2g2r5U1Ah98OFjQMRexTFtXQQ2LkajxZi3g=="
      },
      "Nerdbank.GitVersioning": {
        "type": "Direct",
        "requested": "[3.11.13-beta, )",
        "resolved": "3.11.13-beta",
        "contentHash": "eQjDhod5E9dpL/UJ65c53VO2Cp1bXMzNRmrVwWt7ryAHltxotThkBDp8VdLjkJtMBnRrc6237vxKAbSpUcChMg=="
      },
      "StyleCop.Analyzers": {
        "type": "Direct",
        "requested": "[1.2.0-beta.556, )",
        "resolved": "1.2.0-beta.556",
        "contentHash": "llRPgmA1fhC0I0QyFLEcjvtM2239QzKr/tcnbsjArLMJxJlu0AA5G7Fft0OI30pHF3MW63Gf4aSSsjc5m82J1Q==",
        "dependencies": {
          "StyleCop.Analyzers.Unstable": "1.2.0.556"
        }
      },
      "Humanizer.Core": {
        "type": "Transitive",
        "resolved": "2.14.1",
        "contentHash": "lQKvtaTDOXnoVJ20ibTuSIOf2i0uO0MPbDhd1jm238I+U/2ZnRENj0cktKZhtchBMtCUSRQ5v4xBCUbKNmyVMw=="
      },
      "Microsoft.Build.Framework": {
        "type": "Transitive",
        "resolved": "17.11.48",
        "contentHash": "C3WIMt2wBl4++NX3jSEpTq5KXBhvAV154R4JrYHkfy9JSBcXWiL0mkgpspk5xSdOj+fS/uz7zluIy6bMM1fkkQ=="
      },
      "Microsoft.Build.Locator": {
        "type": "Transitive",
        "resolved": "1.7.8",
        "contentHash": "sPy10x527Ph16S2u0yGME4S6ohBKJ69WfjeGG/bvELYeZVmJdKjxgnlL8cJJJLGV/cZIRqSfB12UDB8ICakOog=="
      },
      "Microsoft.Build.Tasks.Git": {
        "type": "Transitive",
        "resolved": "8.0.0",
        "contentHash": "bZKfSIKJRXLTuSzLudMFte/8CempWjVamNUR5eHJizsy+iuOuO/k2gnh7W0dHJmYY0tBf+gUErfluCv5mySAOQ=="
      },
      "Microsoft.CodeAnalysis.Analyzers": {
        "type": "Transitive",
        "resolved": "5.3.0",
        "contentHash": "KuLhbZwB0L8JikL86AE5VWEp3RLNjIcp+j8yz9EJ/UBgRz4+qDEjHg/tluRFbpYpD/e37BqaaNFbQ0vqawBwWQ=="
      },
      "Microsoft.CodeAnalysis.Common": {
        "type": "Transitive",
        "resolved": "5.6.0",
        "contentHash": "eWYNB5e92PSdkQ0xcmy2aLtrvBXNydnVi0Hj/VjaAely6XBqA3By+ClGAJaj4d16pzQmrXPLLK9RDVuS1Ec9xQ==",
        "dependencies": {
          "Microsoft.CodeAnalysis.Analyzers": "5.3.0"
        }
      },
      "Microsoft.CodeAnalysis.CSharp": {
        "type": "Transitive",
        "resolved": "5.6.0",
        "contentHash": "r1DrKQ/L0xTw03wJrLr36AMQNslyaeEKBFyFmQcOKa8HX3YvmhY//JEUafb6IR/m0gmaUVCfBTWitKJRNb7YAA==",
        "dependencies": {
          "Microsoft.CodeAnalysis.Analyzers": "5.3.0",
          "Microsoft.CodeAnalysis.Common": "[5.6.0]"
        }
      },
      "Microsoft.CodeAnalysis.CSharp.Workspaces": {
        "type": "Transitive",
        "resolved": "5.6.0",
        "contentHash": "ojTMowxK2X0QPNSixGLI5RBgBQLgo1Blwyct4+HWCVYLXT4iKCyVKKmGjxw4h0AvPzGgd0XfWzSGKJk/jS2LkA==",
        "dependencies": {
          "Humanizer.Core": "2.14.1",
          "Microsoft.CodeAnalysis.Analyzers": "5.3.0",
          "Microsoft.CodeAnalysis.CSharp": "[5.6.0]",
          "Microsoft.CodeAnalysis.Common": "[5.6.0]",
          "Microsoft.CodeAnalysis.Workspaces.Common": "[5.6.0]",
          "System.Composition": "10.0.1"
        }
      },
      "Microsoft.CodeAnalysis.Workspaces.Common": {
        "type": "Transitive",
        "resolved": "5.6.0",
        "contentHash": "ILscYALZ5u7MRl2paiiSqn23/5qiy3vvcqBEP/C7RnGJtQQKKtPz5vEBtvDeDTaLzB9/w9d/bxfRYnaq5Pz00g==",
        "dependencies": {
          "Humanizer.Core": "2.14.1",
          "Microsoft.CodeAnalysis.Analyzers": "5.3.0",
          "Microsoft.CodeAnalysis.Common": "[5.6.0]",
          "System.Composition": "10.0.1"
        }
      },
      "Microsoft.CodeAnalysis.Workspaces.MSBuild": {
        "type": "Transitive",
        "resolved": "5.6.0",
        "contentHash": "EGyZR26z+LxIQrqEb54SUWgVc3E9V3Exg7ZzSLa1sE6BOKyaKOwRe8jrTzJJpSVZvoM/TTSqFM0vECT7GjTEvA==",
        "dependencies": {
          "Humanizer.Core": "2.14.1",
          "Microsoft.Build.Framework": "17.11.48",
          "Microsoft.CodeAnalysis.Analyzers": "5.3.0",
          "Microsoft.CodeAnalysis.Workspaces.Common": "[5.6.0]",
          "Microsoft.CodeAnalysis.Workspaces.MSBuild.Contracts": "[5.6.0]",
          "Microsoft.Extensions.DependencyInjection": "10.0.1",
          "Microsoft.Extensions.Logging": "10.0.1",
          "Microsoft.Extensions.Logging.Abstractions": "10.0.1",
          "Microsoft.Extensions.Options": "10.0.1",
          "Microsoft.Extensions.Primitives": "10.0.1",
          "Microsoft.VisualStudio.SolutionPersistence": "1.0.52",
          "System.Composition": "10.0.1"
        }
      },
      "Microsoft.CodeAnalysis.Workspaces.MSBuild.Contracts": {
        "type": "Transitive",
        "resolved": "5.6.0",
        "contentHash": "lkcHH4n4BFZa+vQy4/M6Tb9QNpxdd5LxXBpRhKFrNx2xKs68I8yE9p9TpB2srCPlb+8eoNERblL6FcH/DOrr2A=="
      },
      "Microsoft.Extensions.DependencyInjection": {
        "type": "Transitive",
        "resolved": "10.0.1",
        "contentHash": "zerXV0GAR9LCSXoSIApbWn+Dq1/T+6vbXMHGduq1LoVQRHT0BXsGQEau0jeLUBUcsoF/NaUT8ADPu8b+eNcIyg==",
        "dependencies": {
          "Microsoft.Extensions.DependencyInjection.Abstractions": "10.0.1"
        }
      },
      "Microsoft.Extensions.DependencyInjection.Abstractions": {
        "type": "Transitive",
        "resolved": "10.0.1",
        "contentHash": "oIy8fQxxbUsSrrOvgBqlVgOeCtDmrcynnTG+FQufcUWBrwyPfwlUkCDB2vaiBeYPyT+20u9/HeuHeBf+H4F/8g=="
      },
      "Microsoft.Extensions.Logging": {
        "type": "Transitive",
        "resolved": "10.0.1",
        "contentHash": "9ItMpMLFZFJFqCuHLLbR3LiA4ahA8dMtYuXpXl2YamSDWZhYS9BruPprkftY0tYi2bQ0slNrixdFm+4kpz1g5w==",
        "dependencies": {
          "Microsoft.Extensions.DependencyInjection": "10.0.1",
          "Microsoft.Extensions.Logging.Abstractions": "10.0.1",
          "Microsoft.Extensions.Options": "10.0.1"
        }
      },
      "Microsoft.Extensions.Logging.Abstractions": {
        "type": "Transitive",
        "resolved": "10.0.1",
        "contentHash": "YkmyiPIWAXVb+lPIrM0LE5bbtLOJkCiRTFiHpkVOvhI7uTvCfoOHLEN0LcsY56GpSD7NqX3gJNpsaDe87/B3zg==",
        "dependencies": {
          "Microsoft.Extensions.DependencyInjection.Abstractions": "10.0.1"
        }
      },
      "Microsoft.Extensions.Options": {
        "type": "Transitive",
        "resolved": "10.0.1",
        "contentHash": "G6VVwywpJI4XIobetGHwg7wDOYC2L2XBYdtskxLaKF/Ynb5QBwLl7Q//wxAR2aVCLkMpoQrjSP9VoORkyddsNQ==",
        "dependencies": {
          "Microsoft.Extensions.DependencyInjection.Abstractions": "10.0.1",
          "Microsoft.Extensions.Primitives": "10.0.1"
        }
      },
      "Microsoft.Extensions.Primitives": {
        "type": "Transitive",
        "resolved": "10.0.1",
        "contentHash": "DO8XrJkp5x4PddDuc/CH37yDBCs9BYN6ijlKyR3vMb55BP1Vwh90vOX8bNfnKxr5B2qEI3D8bvbY1fFbDveDHQ=="
      },
      "Microsoft.SourceLink.Common": {
        "type": "Transitive",
        "resolved": "8.0.0",
        "contentHash": "dk9JPxTCIevS75HyEQ0E4OVAFhB2N+V9ShCXf8Q6FkUQZDkgLI12y679Nym1YqsiSysuQskT7Z+6nUf3yab6Vw=="
      },
      "Microsoft.VisualStudio.SolutionPersistence": {
        "type": "Transitive",
        "resolved": "1.0.52",
        "contentHash": "oNv2JtYXhpdJrX63nibx1JT3uCESOBQ1LAk7Dtz/sr0+laW0KRM6eKp4CZ3MHDR2siIkKsY8MmUkeP5DKkQQ5w=="
      },
      "StyleCop.Analyzers.Unstable": {
        "type": "Transitive",
        "resolved": "1.2.0.556",
        "contentHash": "zvn9Mqs/ox/83cpYPignI8hJEM2A93s2HkHs8HYMOAQW0PkampyoErAiIyKxgTLqbbad29HX/shv/6LGSjPJNQ=="
      },
      "System.Composition": {
        "type": "Transitive",
        "resolved": "10.0.1",
        "contentHash": "DJkqaWQfho/ReTzKcZD3zJJ6K4GcS154k+T0UCPMBNIOZ2U/lNpyiiWZ6Etw0onWyTH1K+yhICsdmwA5xy2aPQ==",
        "dependencies": {
          "System.Composition.AttributedModel": "10.0.1",
          "System.Composition.Convention": "10.0.1",
          "System.Composition.Hosting": "10.0.1",
          "System.Composition.Runtime": "10.0.1",
          "System.Composition.TypedParts": "10.0.1"
        }
      },
      "System.Composition.AttributedModel": {
        "type": "Transitive",
        "resolved": "10.0.1",
        "contentHash": "mRxYvpCVPAeuLEk0c0kxWJVjbW1/HUoxCgYotOj9eDeQiYcTDOMdCQApsTrHYMN3pHBA8WoF00KGolG632Etaw=="
      },
      "System.Composition.Convention": {
        "type": "Transitive",
        "resolved": "10.0.1",
        "contentHash": "dYynUByfVBzYDheNPGxS8UN8AvG/4tXf/coSs1odHOyoh4etv1kad/FrLWLMq4f8NO49NV20Xu+0/y613woTUA==",
        "dependencies": {
          "System.Composition.AttributedModel": "10.0.1"
        }
      },
      "System.Composition.Hosting": {
        "type": "Transitive",
        "resolved": "10.0.1",
        "contentHash": "4UGmyBdKWEN1nkqspJlji/nV7XIVm6KGlOC2So0mtM/gKvaNgLz+tUkcbY+6Zpr7dr6ohX1S5yl0RLID5otRHw==",
        "dependencies": {
          "System.Composition.Runtime": "10.0.1"
        }
      },
      "System.Composition.Runtime": {
        "type": "Transitive",
        "resolved": "10.0.1",
        "contentHash": "TVfys1gnUIhmXuYfFzyez0fOkDyELe9UwlxYeVlq6FmqmWmt1ouF0OQJ+6ozkHbkaop7uBUaXw7Qb+/o0m+nMg=="
      },
      "System.Composition.TypedParts": {
        "type": "Transitive",
        "resolved": "10.0.1",
        "contentHash": "koSfjkdQZfgQr3SyiSIBboDn+GiR0vZ3x9Uek9FJbXK0w5AiATV8KrnMEP8B8OAlO+Y3zQf0CPCNzwH+VIYDKg==",
        "dependencies": {
          "System.Composition.AttributedModel": "10.0.1",
          "System.Composition.Hosting": "10.0.1",
          "System.Composition.Runtime": "10.0.1"
        }
      },
      "System.Reflection.MetadataLoadContext": {
        "type": "Transitive",
        "resolved": "9.0.0",
        "contentHash": "nGdCUVhEQ9/CWYqgaibYEDwIJjokgIinQhCnpmtZfSXdMS6ysLZ8p9xvcJ8VPx6Xpv5OsLIUrho4B9FN+VV/tw=="
      },
      "GSharp.Core": {
        "type": "Project",
        "dependencies": {
          "Microsoft.VisualStudio.Validation": "[17.8.8, )",
          "System.Reflection.MetadataLoadContext": "[9.0.0, )"
        }
      },
      "GSharp.Cs2Gs.CodeModel": {
        "type": "Project",
        "dependencies": {
          "GSharp.Core": "[1.0.0, )",
          "Microsoft.VisualStudio.Validation": "[17.8.8, )"
        }
      },
      "GSharp.Cs2Gs.ProjectLoading": {
        "type": "Project",
        "dependencies": {
          "GSharp.Cs2Gs.Translator": "[1.0.0, )",
          "Microsoft.Build.Locator": "[1.7.8, )",
          "Microsoft.CodeAnalysis.CSharp": "[5.6.0, )",
          "Microsoft.CodeAnalysis.CSharp.Workspaces": "[5.6.0, )",
          "Microsoft.CodeAnalysis.Workspaces.MSBuild": "[5.6.0, )",
          "Microsoft.VisualStudio.Validation": "[17.8.8, )"
        }
      },
      "GSharp.Cs2Gs.Translator": {
        "type": "Project",
        "dependencies": {
          "GSharp.Cs2Gs.CodeModel": "[1.0.0, )",
          "Microsoft.CodeAnalysis.CSharp": "[5.6.0, )",
          "Microsoft.VisualStudio.Validation": "[17.8.8, )"
        }
      },
      "gsharp.formatting": {
        "type": "Project",
        "dependencies": {
          "GSharp.Core": "[1.0.0, )",
          "Microsoft.VisualStudio.Validation": "[17.8.8, )"
        }
      }
    }
  }
}